{
  "object": {
    "pins": [
      {
        "package": "swift-custom-dump",
        "repositoryURL": "https://github.com/pointfreeco/swift-custom-dump",
        "state": {
          "branch": "main",
          "revision": "23801e4e8098509b738860d8e5fd4d97fd465e73",
          "version": null
        }
      },
      {
        "package": "xctest-dynamic-overlay",
        "repositoryURL": "https://github.com/pointfreeco/xctest-dynamic-overlay",
        "state": {
          "branch": null,
          "revision": "50a70a9d3583fe228ce672e8923010c8df2deddd",
          "version": "0.2.1"
        }
      },
      {
        "package": "XCTJSONKit",
        "repositoryURL": "https://github.com/davdroman/XCTJSONKit",
        "state": {
          "branch": "main",
          "revision": "33892e75941ec9f26c81c7cd3a2a55e6f166a584",
          "version": null
        }
      }
    ]
  },
  "version": 1
}
