{
  "object": {
    "pins": [
      {
        "package": "swift-custom-dump",
        "repositoryURL": "https://github.com/pointfreeco/swift-custom-dump",
        "state": {
          "branch": null,
          "revision": "c2dd2c64b753dda592f5619303e02f741cd3e862",
          "version": "0.2.0"
        }
      },
      {
        "package": "xctest-dynamic-overlay",
        "repositoryURL": "https://github.com/pointfreeco/xctest-dynamic-overlay",
        "state": {
          "branch": null,
          "revision": "50a70a9d3583fe228ce672e8923010c8df2deddd",
          "version": "0.2.1"
        }
      },
      {
        "package": "XCTJSONKit",
        "repositoryURL": "https://github.com/davdroman/XCTJSONKit",
        "state": {
          "branch": "main",
          "revision": "7a75a3c9f08e89fae67b010602e9b31563515ea9",
          "version": null
        }
      }
    ]
  },
  "version": 1
}
