{
  "object": {
    "pins": [
      {
        "package": "swift-argument-parser",
        "repositoryURL": "https://github.com/apple/swift-argument-parser",
        "state": {
          "branch": null,
          "revision": "9f39744e025c7d377987f30b03770805dcb0bcd1",
          "version": "1.1.4"
        }
      },
      {
        "package": "Benchmark",
        "repositoryURL": "https://github.com/google/swift-benchmark",
        "state": {
          "branch": "main",
          "revision": "8163295f6fe82356b0bcf8e1ab991645de17d096",
          "version": null
        }
      },
      {
        "package": "swift-case-paths",
        "repositoryURL": "https://github.com/pointfreeco/swift-case-paths",
        "state": {
          "branch": null,
          "revision": "bb436421f57269fbcfe7360735985321585a86e5",
          "version": "0.10.1"
        }
      },
      {
        "package": "swift-custom-dump",
        "repositoryURL": "https://github.com/pointfreeco/swift-custom-dump",
        "state": {
          "branch": null,
          "revision": "819d9d370cd721c9d87671e29d947279292e4541",
          "version": "0.6.0"
        }
      },
      {
        "package": "swift-json-testing",
        "repositoryURL": "https://github.com/davdroman/swift-json-testing",
        "state": {
          "branch": "main",
          "revision": "9223048c0e9de244b6ba4f4f81a16828f44db13e",
          "version": null
        }
      },
      {
        "package": "swift-parsing",
        "repositoryURL": "https://github.com/pointfreeco/swift-parsing",
        "state": {
          "branch": null,
          "revision": "bc92e84968990b41640214b636667f35b6e5d44c",
          "version": "0.10.0"
        }
      },
      {
        "package": "xctest-dynamic-overlay",
        "repositoryURL": "https://github.com/pointfreeco/xctest-dynamic-overlay",
        "state": {
          "branch": null,
          "revision": "16e6409ee82e1b81390bdffbf217b9c08ab32784",
          "version": "0.5.0"
        }
      }
    ]
  },
  "version": 1
}
